// !$*UTF8*$!
{
	archiveVersion = 1;
	classes = {
	};
	objectVersion = 48;
	objects = {

/* Begin PBXBuildFile section */
		ABBD298BFE3596F8C4313FF3 /* Pods_BBResto.framework in Frameworks */ = {isa = PBXBuildFile; fileRef = B108402F369F4298D9A67413 /* Pods_BBResto.framework */; };
		F22989DC2061C5CD00F6882C /* Tuple.swift in Sources */ = {isa = PBXBuildFile; fileRef = F22989DB2061C5CC00F6882C /* Tuple.swift */; };
		F2891D8A20619CBB003EBD11 /* MapVC.swift in Sources */ = {isa = PBXBuildFile; fileRef = F2891D8920619CBB003EBD11 /* MapVC.swift */; };
		F2B855752060F13700263A76 /* AppDelegate.swift in Sources */ = {isa = PBXBuildFile; fileRef = F2B855742060F13700263A76 /* AppDelegate.swift */; };
		F2B855772060F13700263A76 /* ViewController.swift in Sources */ = {isa = PBXBuildFile; fileRef = F2B855762060F13700263A76 /* ViewController.swift */; };
		F2B8557A2060F13700263A76 /* Main_1.storyboard in Resources */ = {isa = PBXBuildFile; fileRef = F2B855782060F13700263A76 /* Main_1.storyboard */; };
		F2B8557C2060F13700263A76 /* Assets.xcassets in Resources */ = {isa = PBXBuildFile; fileRef = F2B8557B2060F13700263A76 /* Assets.xcassets */; };
		F2B8557F2060F13700263A76 /* LaunchScreen.storyboard in Resources */ = {isa = PBXBuildFile; fileRef = F2B8557D2060F13700263A76 /* LaunchScreen.storyboard */; };
		F2F8B59520613D4D00E73D9C /* Info.plist in Resources */ = {isa = PBXBuildFile; fileRef = F2F8B59420613D4D00E73D9C /* Info.plist */; };
/* End PBXBuildFile section */

/* Begin PBXFileReference section */
		6E851ED60140B3BA49B271BC /* Pods-BBResto.release.xcconfig */ = {isa = PBXFileReference; includeInIndex = 1; lastKnownFileType = text.xcconfig; name = "Pods-BBResto.release.xcconfig"; path = "BBResto/Pods/Target Support Files/Pods-BBResto/Pods-BBResto.release.xcconfig"; sourceTree = "<group>"; };
		8BECA6A2665E83115BF803BC /* Pods-BBResto.debug.xcconfig */ = {isa = PBXFileReference; includeInIndex = 1; lastKnownFileType = text.xcconfig; name = "Pods-BBResto.debug.xcconfig"; path = "BBResto/Pods/Target Support Files/Pods-BBResto/Pods-BBResto.debug.xcconfig"; sourceTree = "<group>"; };
		B108402F369F4298D9A67413 /* Pods_BBResto.framework */ = {isa = PBXFileReference; explicitFileType = wrapper.framework; includeInIndex = 0; path = Pods_BBResto.framework; sourceTree = BUILT_PRODUCTS_DIR; };
		F22989DB2061C5CC00F6882C /* Tuple.swift */ = {isa = PBXFileReference; lastKnownFileType = sourcecode.swift; path = Tuple.swift; sourceTree = "<group>"; };
		F2891D8920619CBB003EBD11 /* MapVC.swift */ = {isa = PBXFileReference; lastKnownFileType = sourcecode.swift; path = MapVC.swift; sourceTree = "<group>"; };
		F2B855712060F13700263A76 /* BBResto.app */ = {isa = PBXFileReference; explicitFileType = wrapper.application; includeInIndex = 0; path = BBResto.app; sourceTree = BUILT_PRODUCTS_DIR; };
		F2B855742060F13700263A76 /* AppDelegate.swift */ = {isa = PBXFileReference; lastKnownFileType = sourcecode.swift; path = AppDelegate.swift; sourceTree = "<group>"; };
		F2B855762060F13700263A76 /* ViewController.swift */ = {isa = PBXFileReference; lastKnownFileType = sourcecode.swift; path = ViewController.swift; sourceTree = "<group>"; };
		F2B855792060F13700263A76 /* Base */ = {isa = PBXFileReference; lastKnownFileType = file.storyboard; name = Base; path = Base.lproj/Main_1.storyboard; sourceTree = "<group>"; };
		F2B8557B2060F13700263A76 /* Assets.xcassets */ = {isa = PBXFileReference; lastKnownFileType = folder.assetcatalog; path = Assets.xcassets; sourceTree = "<group>"; };
		F2B8557E2060F13700263A76 /* Base */ = {isa = PBXFileReference; lastKnownFileType = file.storyboard; name = Base; path = Base.lproj/LaunchScreen.storyboard; sourceTree = "<group>"; };
		F2F8B59420613D4D00E73D9C /* Info.plist */ = {isa = PBXFileReference; fileEncoding = 4; lastKnownFileType = text.plist.xml; path = Info.plist; sourceTree = "<group>"; };
/* End PBXFileReference section */

/* Begin PBXFrameworksBuildPhase section */
		F2B8556E2060F13700263A76 /* Frameworks */ = {
			isa = PBXFrameworksBuildPhase;
			buildActionMask = 2147483647;
			files = (
				ABBD298BFE3596F8C4313FF3 /* Pods_BBResto.framework in Frameworks */,
			);
			runOnlyForDeploymentPostprocessing = 0;
		};
/* End PBXFrameworksBuildPhase section */

/* Begin PBXGroup section */
		1B878CB01CF15124BA09F08F /* Frameworks */ = {
			isa = PBXGroup;
			children = (
				B108402F369F4298D9A67413 /* Pods_BBResto.framework */,
			);
			name = Frameworks;
			sourceTree = "<group>";
		};
		602FF7E865ECEC82EBCC4A7C /* Pods */ = {
			isa = PBXGroup;
			children = (
				8BECA6A2665E83115BF803BC /* Pods-BBResto.debug.xcconfig */,
				6E851ED60140B3BA49B271BC /* Pods-BBResto.release.xcconfig */,
			);
			name = Pods;
			sourceTree = "<group>";
		};
		F2B855682060F13700263A76 = {
			isa = PBXGroup;
			children = (
				F2B855732060F13700263A76 /* BBResto */,
				F2B855722060F13700263A76 /* Products */,
				602FF7E865ECEC82EBCC4A7C /* Pods */,
				1B878CB01CF15124BA09F08F /* Frameworks */,
			);
			sourceTree = "<group>";
		};
		F2B855722060F13700263A76 /* Products */ = {
			isa = PBXGroup;
			children = (
				F2B855712060F13700263A76 /* BBResto.app */,
			);
			name = Products;
			sourceTree = "<group>";
		};
		F2B855732060F13700263A76 /* BBResto */ = {
			isa = PBXGroup;
			children = (
				F2B855742060F13700263A76 /* AppDelegate.swift */,
				F2B855762060F13700263A76 /* ViewController.swift */,
				F2F8B59420613D4D00E73D9C /* Info.plist */,
				F2B855782060F13700263A76 /* Main_1.storyboard */,
				F2B8557B2060F13700263A76 /* Assets.xcassets */,
				F2B8557D2060F13700263A76 /* LaunchScreen.storyboard */,
				F2891D8920619CBB003EBD11 /* MapVC.swift */,
				F22989DB2061C5CC00F6882C /* Tuple.swift */,
			);
			path = BBResto;
			sourceTree = "<group>";
		};
/* End PBXGroup section */

/* Begin PBXNativeTarget section */
		F2B855702060F13700263A76 /* BBResto */ = {
			isa = PBXNativeTarget;
			buildConfigurationList = F2B855832060F13700263A76 /* Build configuration list for PBXNativeTarget "BBResto" */;
			buildPhases = (
				7CB773F573A15B779E94FFAE /* [CP] Check Pods Manifest.lock */,
				F2B8556D2060F13700263A76 /* Sources */,
				F2B8556E2060F13700263A76 /* Frameworks */,
				F2B8556F2060F13700263A76 /* Resources */,
				F9DCCF992274A1B0863844EA /* [CP] Embed Pods Frameworks */,
				DEBDB72DDECA34F967CA8E9A /* [CP] Copy Pods Resources */,
			);
			buildRules = (
			);
			dependencies = (
			);
			name = BBResto;
			productName = BBResto;
			productReference = F2B855712060F13700263A76 /* BBResto.app */;
			productType = "com.apple.product-type.application";
		};
/* End PBXNativeTarget section */

/* Begin PBXProject section */
		F2B855692060F13700263A76 /* Project object */ = {
			isa = PBXProject;
			attributes = {
				LastSwiftUpdateCheck = 0920;
				LastUpgradeCheck = 0920;
				ORGANIZATIONNAME = "Vavavax Company";
				TargetAttributes = {
					F2B855702060F13700263A76 = {
						CreatedOnToolsVersion = 9.2;
						ProvisioningStyle = Automatic;
					};
				};
			};
			buildConfigurationList = F2B8556C2060F13700263A76 /* Build configuration list for PBXProject "BBResto" */;
			compatibilityVersion = "Xcode 8.0";
			developmentRegion = en;
			hasScannedForEncodings = 0;
			knownRegions = (
				en,
				Base,
			);
			mainGroup = F2B855682060F13700263A76;
			productRefGroup = F2B855722060F13700263A76 /* Products */;
			projectDirPath = "";
			projectRoot = "";
			targets = (
				F2B855702060F13700263A76 /* BBResto */,
			);
		};
/* End PBXProject section */

/* Begin PBXResourcesBuildPhase section */
		F2B8556F2060F13700263A76 /* Resources */ = {
			isa = PBXResourcesBuildPhase;
			buildActionMask = 2147483647;
			files = (
				F2F8B59520613D4D00E73D9C /* Info.plist in Resources */,
				F2B8557F2060F13700263A76 /* LaunchScreen.storyboard in Resources */,
				F2B8557C2060F13700263A76 /* Assets.xcassets in Resources */,
				F2B8557A2060F13700263A76 /* Main_1.storyboard in Resources */,
			);
			runOnlyForDeploymentPostprocessing = 0;
		};
/* End PBXResourcesBuildPhase section */

/* Begin PBXShellScriptBuildPhase section */
		7CB773F573A15B779E94FFAE /* [CP] Check Pods Manifest.lock */ = {
			isa = PBXShellScriptBuildPhase;
			buildActionMask = 2147483647;
			files = (
			);
			inputPaths = (
				"${PODS_PODFILE_DIR_PATH}/Podfile.lock",
				"${PODS_ROOT}/Manifest.lock",
			);
			name = "[CP] Check Pods Manifest.lock";
			outputPaths = (
				"$(DERIVED_FILE_DIR)/Pods-BBResto-checkManifestLockResult.txt",
			);
			runOnlyForDeploymentPostprocessing = 0;
			shellPath = /bin/sh;
			shellScript = "diff \"${PODS_PODFILE_DIR_PATH}/Podfile.lock\" \"${PODS_ROOT}/Manifest.lock\" > /dev/null\nif [ $? != 0 ] ; then\n    # print error to STDERR\n    echo \"error: The sandbox is not in sync with the Podfile.lock. Run 'pod install' or update your CocoaPods installation.\" >&2\n    exit 1\nfi\n# This output is used by Xcode 'outputs' to avoid re-running this script phase.\necho \"SUCCESS\" > \"${SCRIPT_OUTPUT_FILE_0}\"\n";
			showEnvVarsInLog = 0;
		};
		DEBDB72DDECA34F967CA8E9A /* [CP] Copy Pods Resources */ = {
			isa = PBXShellScriptBuildPhase;
			buildActionMask = 2147483647;
			files = (
			);
			inputPaths = (
				"${SRCROOT}/BBResto/Pods/Target Support Files/Pods-BBResto/Pods-BBResto-resources.sh",
				"${PODS_ROOT}/GoogleMaps/Maps/Frameworks/GoogleMaps.framework/Resources/GoogleMaps.bundle",
			);
			name = "[CP] Copy Pods Resources";
			outputPaths = (
				"${TARGET_BUILD_DIR}/${UNLOCALIZED_RESOURCES_FOLDER_PATH}/GoogleMaps.bundle",
			);
			runOnlyForDeploymentPostprocessing = 0;
			shellPath = /bin/sh;
			shellScript = "\"${SRCROOT}/BBResto/Pods/Target Support Files/Pods-BBResto/Pods-BBResto-resources.sh\"\n";
			showEnvVarsInLog = 0;
		};
		F9DCCF992274A1B0863844EA /* [CP] Embed Pods Frameworks */ = {
			isa = PBXShellScriptBuildPhase;
			buildActionMask = 2147483647;
			files = (
			);
			inputPaths = (
				"${SRCROOT}/BBResto/Pods/Target Support Files/Pods-BBResto/Pods-BBResto-frameworks.sh",
				"${BUILT_PRODUCTS_DIR}/Alamofire/Alamofire.framework",
				"${BUILT_PRODUCTS_DIR}/SwiftyJSON/SwiftyJSON.framework",
				"${BUILT_PRODUCTS_DIR}/SwiftyStarRatingView/SwiftyStarRatingView.framework",
			);
			name = "[CP] Embed Pods Frameworks";
			outputPaths = (
				"${TARGET_BUILD_DIR}/${FRAMEWORKS_FOLDER_PATH}/Alamofire.framework",
				"${TARGET_BUILD_DIR}/${FRAMEWORKS_FOLDER_PATH}/SwiftyJSON.framework",
				"${TARGET_BUILD_DIR}/${FRAMEWORKS_FOLDER_PATH}/SwiftyStarRatingView.framework",
			);
			runOnlyForDeploymentPostprocessing = 0;
			shellPath = /bin/sh;
			shellScript = "\"${SRCROOT}/BBResto/Pods/Target Support Files/Pods-BBResto/Pods-BBResto-frameworks.sh\"\n";
			showEnvVarsInLog = 0;
		};
/* End PBXShellScriptBuildPhase section */

/* Begin PBXSourcesBuildPhase section */
		F2B8556D2060F13700263A76 /* Sources */ = {
			isa = PBXSourcesBuildPhase;
			buildActionMask = 2147483647;
			files = (
				F22989DC2061C5CD00F6882C /* Tuple.swift in Sources */,
				F2B855772060F13700263A76 /* ViewController.swift in Sources */,
				F2891D8A20619CBB003EBD11 /* MapVC.swift in Sources */,
				F2B855752060F13700263A76 /* AppDelegate.swift in Sources */,
			);
			runOnlyForDeploymentPostprocessing = 0;
		};
/* End PBXSourcesBuildPhase section */

/* Begin PBXVariantGroup section */
		F2B855782060F13700263A76 /* Main_1.storyboard */ = {
			isa = PBXVariantGroup;
			children = (
				F2B855792060F13700263A76 /* Base */,
			);
			name = Main_1.storyboard;
			sourceTree = "<group>";
		};
		F2B8557D2060F13700263A76 /* LaunchScreen.storyboard */ = {
			isa = PBXVariantGroup;
			children = (
				F2B8557E2060F13700263A76 /* Base */,
			);
			name = LaunchScreen.storyboard;
			sourceTree = "<group>";
		};
/* End PBXVariantGroup section */

/* Begin XCBuildConfiguration section */
		F2B855812060F13700263A76 /* Debug */ = {
			isa = XCBuildConfiguration;
			buildSettings = {
				ALWAYS_SEARCH_USER_PATHS = NO;
				CLANG_ANALYZER_NONNULL = YES;
				CLANG_ANALYZER_NUMBER_OBJECT_CONVERSION = YES_AGGRESSIVE;
				CLANG_CXX_LANGUAGE_STANDARD = "gnu++14";
				CLANG_CXX_LIBRARY = "libc++";
				CLANG_ENABLE_MODULES = YES;
				CLANG_ENABLE_OBJC_ARC = YES;
				CLANG_WARN_BLOCK_CAPTURE_AUTORELEASING = YES;
				CLANG_WARN_BOOL_CONVERSION = YES;
				CLANG_WARN_COMMA = YES;
				CLANG_WARN_CONSTANT_CONVERSION = YES;
				CLANG_WARN_DIRECT_OBJC_ISA_USAGE = YES_ERROR;
				CLANG_WARN_DOCUMENTATION_COMMENTS = YES;
				CLANG_WARN_EMPTY_BODY = YES;
				CLANG_WARN_ENUM_CONVERSION = YES;
				CLANG_WARN_INFINITE_RECURSION = YES;
				CLANG_WARN_INT_CONVERSION = YES;
				CLANG_WARN_NON_LITERAL_NULL_CONVERSION = YES;
				CLANG_WARN_OBJC_LITERAL_CONVERSION = YES;
				CLANG_WARN_OBJC_ROOT_CLASS = YES_ERROR;
				CLANG_WARN_RANGE_LOOP_ANALYSIS = YES;
				CLANG_WARN_STRICT_PROTOTYPES = YES;
				CLANG_WARN_SUSPICIOUS_MOVE = YES;
				CLANG_WARN_UNGUARDED_AVAILABILITY = YES_AGGRESSIVE;
				CLANG_WARN_UNREACHABLE_CODE = YES;
				CLANG_WARN__DUPLICATE_METHOD_MATCH = YES;
				CODE_SIGN_IDENTITY = "iPhone Developer";
				COPY_PHASE_STRIP = NO;
				DEBUG_INFORMATION_FORMAT = dwarf;
				ENABLE_STRICT_OBJC_MSGSEND = YES;
				ENABLE_TESTABILITY = YES;
				GCC_C_LANGUAGE_STANDARD = gnu11;
				GCC_DYNAMIC_NO_PIC = NO;
				GCC_NO_COMMON_BLOCKS = YES;
				GCC_OPTIMIZATION_LEVEL = 0;
				GCC_PREPROCESSOR_DEFINITIONS = (
					"DEBUG=1",
					"$(inherited)",
				);
				GCC_WARN_64_TO_32_BIT_CONVERSION = YES;
				GCC_WARN_ABOUT_RETURN_TYPE = YES_ERROR;
				GCC_WARN_UNDECLARED_SELECTOR = YES;
				GCC_WARN_UNINITIALIZED_AUTOS = YES_AGGRESSIVE;
				GCC_WARN_UNUSED_FUNCTION = YES;
				GCC_WARN_UNUSED_VARIABLE = YES;
				IPHONEOS_DEPLOYMENT_TARGET = 11.2;
				MTL_ENABLE_DEBUG_INFO = YES;
				ONLY_ACTIVE_ARCH = YES;
				SDKROOT = iphoneos;
				SWIFT_ACTIVE_COMPILATION_CONDITIONS = DEBUG;
				SWIFT_OPTIMIZATION_LEVEL = "-Onone";
			};
			name = Debug;
		};
		F2B855822060F13700263A76 /* Release */ = {
			isa = XCBuildConfiguration;
			buildSettings = {
				ALWAYS_SEARCH_USER_PATHS = NO;
				CLANG_ANALYZER_NONNULL = YES;
				CLANG_ANALYZER_NUMBER_OBJECT_CONVERSION = YES_AGGRESSIVE;
				CLANG_CXX_LANGUAGE_STANDARD = "gnu++14";
				CLANG_CXX_LIBRARY = "libc++";
				CLANG_ENABLE_MODULES = YES;
				CLANG_ENABLE_OBJC_ARC = YES;
				CLANG_WARN_BLOCK_CAPTURE_AUTORELEASING = YES;
				CLANG_WARN_BOOL_CONVERSION = YES;
				CLANG_WARN_COMMA = YES;
				CLANG_WARN_CONSTANT_CONVERSION = YES;
				CLANG_WARN_DIRECT_OBJC_ISA_USAGE = YES_ERROR;
				CLANG_WARN_DOCUMENTATION_COMMENTS = YES;
				CLANG_WARN_EMPTY_BODY = YES;
				CLANG_WARN_ENUM_CONVERSION = YES;
				CLANG_WARN_INFINITE_RECURSION = YES;
				CLANG_WARN_INT_CONVERSION = YES;
				CLANG_WARN_NON_LITERAL_NULL_CONVERSION = YES;
				CLANG_WARN_OBJC_LITERAL_CONVERSION = YES;
				CLANG_WARN_OBJC_ROOT_CLASS = YES_ERROR;
				CLANG_WARN_RANGE_LOOP_ANALYSIS = YES;
				CLANG_WARN_STRICT_PROTOTYPES = YES;
				CLANG_WARN_SUSPICIOUS_MOVE = YES;
				CLANG_WARN_UNGUARDED_AVAILABILITY = YES_AGGRESSIVE;
				CLANG_WARN_UNREACHABLE_CODE = YES;
				CLANG_WARN__DUPLICATE_METHOD_MATCH = YES;
				CODE_SIGN_IDENTITY = "iPhone Developer";
				COPY_PHASE_STRIP = NO;
				DEBUG_INFORMATION_FORMAT = "dwarf-with-dsym";
				ENABLE_NS_ASSERTIONS = NO;
				ENABLE_STRICT_OBJC_MSGSEND = YES;
				GCC_C_LANGUAGE_STANDARD = gnu11;
				GCC_NO_COMMON_BLOCKS = YES;
				GCC_WARN_64_TO_32_BIT_CONVERSION = YES;
				GCC_WARN_ABOUT_RETURN_TYPE = YES_ERROR;
				GCC_WARN_UNDECLARED_SELECTOR = YES;
				GCC_WARN_UNINITIALIZED_AUTOS = YES_AGGRESSIVE;
				GCC_WARN_UNUSED_FUNCTION = YES;
				GCC_WARN_UNUSED_VARIABLE = YES;
				IPHONEOS_DEPLOYMENT_TARGET = 11.2;
				MTL_ENABLE_DEBUG_INFO = NO;
				SDKROOT = iphoneos;
				SWIFT_OPTIMIZATION_LEVEL = "-Owholemodule";
				VALIDATE_PRODUCT = YES;
			};
			name = Release;
		};
		F2B855842060F13700263A76 /* Debug */ = {
			isa = XCBuildConfiguration;
			baseConfigurationReference = 8BECA6A2665E83115BF803BC /* Pods-BBResto.debug.xcconfig */;
			buildSettings = {
				ASSETCATALOG_COMPILER_APPICON_NAME = AppIcon;
				CODE_SIGN_STYLE = Automatic;
				INFOPLIST_FILE = BBResto/Info.plist;
				LD_RUNPATH_SEARCH_PATHS = "$(inherited) @executable_path/Frameworks";
				PRODUCT_BUNDLE_IDENTIFIER = com.raffestin.romain.BBResto;
				PRODUCT_NAME = "$(TARGET_NAME)";
				SWIFT_VERSION = 4.0;
				TARGETED_DEVICE_FAMILY = "1,2";
			};
			name = Debug;
		};
		F2B855852060F13700263A76 /* Release */ = {
			isa = XCBuildConfiguration;
			baseConfigurationReference = 6E851ED60140B3BA49B271BC /* Pods-BBResto.release.xcconfig */;
			buildSettings = {
				ASSETCATALOG_COMPILER_APPICON_NAME = AppIcon;
				CODE_SIGN_STYLE = Automatic;
				INFOPLIST_FILE = BBResto/Info.plist;
				LD_RUNPATH_SEARCH_PATHS = "$(inherited) @executable_path/Frameworks";
				PRODUCT_BUNDLE_IDENTIFIER = com.raffestin.romain.BBResto;
				PRODUCT_NAME = "$(TARGET_NAME)";
				SWIFT_VERSION = 4.0;
				TARGETED_DEVICE_FAMILY = "1,2";
			};
			name = Release;
		};
/* End XCBuildConfiguration section */

/* Begin XCConfigurationList section */
		F2B8556C2060F13700263A76 /* Build configuration list for PBXProject "BBResto" */ = {
			isa = XCConfigurationList;
			buildConfigurations = (
				F2B855812060F13700263A76 /* Debug */,
				F2B855822060F13700263A76 /* Release */,
			);
			defaultConfigurationIsVisible = 0;
			defaultConfigurationName = Release;
		};
		F2B855832060F13700263A76 /* Build configuration list for PBXNativeTarget "BBResto" */ = {
			isa = XCConfigurationList;
			buildConfigurations = (
				F2B855842060F13700263A76 /* Debug */,
				F2B855852060F13700263A76 /* Release */,
			);
			defaultConfigurationIsVisible = 0;
			defaultConfigurationName = Release;
		};
/* End XCConfigurationList section */
	};
	rootObject = F2B855692060F13700263A76 /* Project object */;
}
